// !$*UTF8*$!
{
	archiveVersion = 1;
	classes = {
	};
	objectVersion = 56;
	objects = {

/* Begin PBXBuildFile section */
		AC6D53942B1B828C00E511DC /* PreviewData.swift in Sources */ = {isa = PBXBuildFile; fileRef = AC6D53932B1B828C00E511DC /* PreviewData.swift */; };
		AC6D53962B1B84BE00E511DC /* TransactionRow.swift in Sources */ = {isa = PBXBuildFile; fileRef = AC6D53952B1B84BE00E511DC /* TransactionRow.swift */; };
		AC6D53992B1B8DF100E511DC /* SwiftUIFontIcon in Frameworks */ = {isa = PBXBuildFile; productRef = AC6D53982B1B8DF100E511DC /* SwiftUIFontIcon */; };
		AC6D539C2B1B8F0A00E511DC /* TransactionListViewModel.swift in Sources */ = {isa = PBXBuildFile; fileRef = AC6D539B2B1B8F0A00E511DC /* TransactionListViewModel.swift */; };
		AC6D539E2B1BECB100E511DC /* RecentTransactionList.swift in Sources */ = {isa = PBXBuildFile; fileRef = AC6D539D2B1BECB100E511DC /* RecentTransactionList.swift */; };
		AC6D53A02B1C7C9700E511DC /* TransactionList.swift in Sources */ = {isa = PBXBuildFile; fileRef = AC6D539F2B1C7C9700E511DC /* TransactionList.swift */; };
		AC6D53A32B1C806600E511DC /* Collections in Frameworks */ = {isa = PBXBuildFile; productRef = AC6D53A22B1C806600E511DC /* Collections */; };
		AC6D53A62B1C824100E511DC /* SwiftUICharts in Frameworks */ = {isa = PBXBuildFile; productRef = AC6D53A52B1C824100E511DC /* SwiftUICharts */; };
		AC79D33D2B13CDD90054FBC3 /* ExpenseTrackerApp.swift in Sources */ = {isa = PBXBuildFile; fileRef = AC79D33C2B13CDD90054FBC3 /* ExpenseTrackerApp.swift */; };
		AC79D33F2B13CDD90054FBC3 /* ContentView.swift in Sources */ = {isa = PBXBuildFile; fileRef = AC79D33E2B13CDD90054FBC3 /* ContentView.swift */; };
		AC79D3412B13CDDB0054FBC3 /* Assets.xcassets in Resources */ = {isa = PBXBuildFile; fileRef = AC79D3402B13CDDB0054FBC3 /* Assets.xcassets */; };
		AC79D3442B13CDDB0054FBC3 /* Preview Assets.xcassets in Resources */ = {isa = PBXBuildFile; fileRef = AC79D3432B13CDDB0054FBC3 /* Preview Assets.xcassets */; };
		AC79D34B2B13E03E0054FBC3 /* Extensions.swift in Sources */ = {isa = PBXBuildFile; fileRef = AC79D34A2B13E03E0054FBC3 /* Extensions.swift */; };
		AC79D34E2B13E4B20054FBC3 /* Transaction.swift in Sources */ = {isa = PBXBuildFile; fileRef = AC79D34D2B13E4B20054FBC3 /* Transaction.swift */; };
/* End PBXBuildFile section */

/* Begin PBXFileReference section */
		AC6D53932B1B828C00E511DC /* PreviewData.swift */ = {isa = PBXFileReference; lastKnownFileType = sourcecode.swift; path = PreviewData.swift; sourceTree = "<group>"; };
		AC6D53952B1B84BE00E511DC /* TransactionRow.swift */ = {isa = PBXFileReference; lastKnownFileType = sourcecode.swift; path = TransactionRow.swift; sourceTree = "<group>"; };
		AC6D539B2B1B8F0A00E511DC /* TransactionListViewModel.swift */ = {isa = PBXFileReference; lastKnownFileType = sourcecode.swift; path = TransactionListViewModel.swift; sourceTree = "<group>"; };
		AC6D539D2B1BECB100E511DC /* RecentTransactionList.swift */ = {isa = PBXFileReference; lastKnownFileType = sourcecode.swift; path = RecentTransactionList.swift; sourceTree = "<group>"; };
		AC6D539F2B1C7C9700E511DC /* TransactionList.swift */ = {isa = PBXFileReference; lastKnownFileType = sourcecode.swift; path = TransactionList.swift; sourceTree = "<group>"; };
		AC79D3392B13CDD90054FBC3 /* ExpenseTracker.app */ = {isa = PBXFileReference; explicitFileType = wrapper.application; includeInIndex = 0; path = ExpenseTracker.app; sourceTree = BUILT_PRODUCTS_DIR; };
		AC79D33C2B13CDD90054FBC3 /* ExpenseTrackerApp.swift */ = {isa = PBXFileReference; lastKnownFileType = sourcecode.swift; path = ExpenseTrackerApp.swift; sourceTree = "<group>"; };
		AC79D33E2B13CDD90054FBC3 /* ContentView.swift */ = {isa = PBXFileReference; lastKnownFileType = sourcecode.swift; path = ContentView.swift; sourceTree = "<group>"; };
		AC79D3402B13CDDB0054FBC3 /* Assets.xcassets */ = {isa = PBXFileReference; lastKnownFileType = folder.assetcatalog; path = Assets.xcassets; sourceTree = "<group>"; };
		AC79D3432B13CDDB0054FBC3 /* Preview Assets.xcassets */ = {isa = PBXFileReference; lastKnownFileType = folder.assetcatalog; path = "Preview Assets.xcassets"; sourceTree = "<group>"; };
		AC79D34A2B13E03E0054FBC3 /* Extensions.swift */ = {isa = PBXFileReference; lastKnownFileType = sourcecode.swift; path = Extensions.swift; sourceTree = "<group>"; };
		AC79D34D2B13E4B20054FBC3 /* Transaction.swift */ = {isa = PBXFileReference; lastKnownFileType = sourcecode.swift; path = Transaction.swift; sourceTree = "<group>"; };
/* End PBXFileReference section */

/* Begin PBXFrameworksBuildPhase section */
		AC79D3362B13CDD90054FBC3 /* Frameworks */ = {
			isa = PBXFrameworksBuildPhase;
			buildActionMask = 2147483647;
			files = (
				AC6D53A62B1C824100E511DC /* SwiftUICharts in Frameworks */,
				AC6D53A32B1C806600E511DC /* Collections in Frameworks */,
				AC6D53992B1B8DF100E511DC /* SwiftUIFontIcon in Frameworks */,
			);
			runOnlyForDeploymentPostprocessing = 0;
		};
/* End PBXFrameworksBuildPhase section */

/* Begin PBXGroup section */
		AC6D539A2B1B8EFE00E511DC /* ViewModel */ = {
			isa = PBXGroup;
			children = (
				AC6D539B2B1B8F0A00E511DC /* TransactionListViewModel.swift */,
			);
			path = ViewModel;
			sourceTree = "<group>";
		};
		AC79D3302B13CDD90054FBC3 = {
			isa = PBXGroup;
			children = (
				AC79D33B2B13CDD90054FBC3 /* ExpenseTracker */,
				AC79D33A2B13CDD90054FBC3 /* Products */,
			);
			sourceTree = "<group>";
		};
		AC79D33A2B13CDD90054FBC3 /* Products */ = {
			isa = PBXGroup;
			children = (
				AC79D3392B13CDD90054FBC3 /* ExpenseTracker.app */,
			);
			name = Products;
			sourceTree = "<group>";
		};
		AC79D33B2B13CDD90054FBC3 /* ExpenseTracker */ = {
			isa = PBXGroup;
			children = (
				AC6D539A2B1B8EFE00E511DC /* ViewModel */,
				AC79D34C2B13E49D0054FBC3 /* Models */,
				AC79D33C2B13CDD90054FBC3 /* ExpenseTrackerApp.swift */,
				AC79D33E2B13CDD90054FBC3 /* ContentView.swift */,
				AC6D539D2B1BECB100E511DC /* RecentTransactionList.swift */,
				AC79D3402B13CDDB0054FBC3 /* Assets.xcassets */,
				AC79D3422B13CDDB0054FBC3 /* Preview Content */,
				AC79D34A2B13E03E0054FBC3 /* Extensions.swift */,
				AC6D53952B1B84BE00E511DC /* TransactionRow.swift */,
				AC6D539F2B1C7C9700E511DC /* TransactionList.swift */,
			);
			path = ExpenseTracker;
			sourceTree = "<group>";
		};
		AC79D3422B13CDDB0054FBC3 /* Preview Content */ = {
			isa = PBXGroup;
			children = (
				AC79D3432B13CDDB0054FBC3 /* Preview Assets.xcassets */,
				AC6D53932B1B828C00E511DC /* PreviewData.swift */,
			);
			path = "Preview Content";
			sourceTree = "<group>";
		};
		AC79D34C2B13E49D0054FBC3 /* Models */ = {
			isa = PBXGroup;
			children = (
				AC79D34D2B13E4B20054FBC3 /* Transaction.swift */,
			);
			path = Models;
			sourceTree = "<group>";
		};
/* End PBXGroup section */

/* Begin PBXNativeTarget section */
		AC79D3382B13CDD90054FBC3 /* ExpenseTracker */ = {
			isa = PBXNativeTarget;
			buildConfigurationList = AC79D3472B13CDDB0054FBC3 /* Build configuration list for PBXNativeTarget "ExpenseTracker" */;
			buildPhases = (
				AC79D3352B13CDD90054FBC3 /* Sources */,
				AC79D3362B13CDD90054FBC3 /* Frameworks */,
				AC79D3372B13CDD90054FBC3 /* Resources */,
			);
			buildRules = (
			);
			dependencies = (
			);
			name = ExpenseTracker;
			packageProductDependencies = (
				AC6D53982B1B8DF100E511DC /* SwiftUIFontIcon */,
				AC6D53A22B1C806600E511DC /* Collections */,
				AC6D53A52B1C824100E511DC /* SwiftUICharts */,
			);
			productName = ExpenseTracker;
			productReference = AC79D3392B13CDD90054FBC3 /* ExpenseTracker.app */;
			productType = "com.apple.product-type.application";
		};
/* End PBXNativeTarget section */

/* Begin PBXProject section */
		AC79D3312B13CDD90054FBC3 /* Project object */ = {
			isa = PBXProject;
			attributes = {
				BuildIndependentTargetsInParallel = 1;
				LastSwiftUpdateCheck = 1420;
				LastUpgradeCheck = 1420;
				TargetAttributes = {
					AC79D3382B13CDD90054FBC3 = {
						CreatedOnToolsVersion = 14.2;
					};
				};
			};
			buildConfigurationList = AC79D3342B13CDD90054FBC3 /* Build configuration list for PBXProject "ExpenseTracker" */;
			compatibilityVersion = "Xcode 14.0";
			developmentRegion = en;
			hasScannedForEncodings = 0;
			knownRegions = (
				en,
				Base,
			);
			mainGroup = AC79D3302B13CDD90054FBC3;
			packageReferences = (
				AC6D53972B1B8DF100E511DC /* XCRemoteSwiftPackageReference "SwiftUIFontIcon" */,
				AC6D53A12B1C806600E511DC /* XCRemoteSwiftPackageReference "swift-collections" */,
				AC6D53A42B1C824100E511DC /* XCRemoteSwiftPackageReference "ChartView" */,
			);
			productRefGroup = AC79D33A2B13CDD90054FBC3 /* Products */;
			projectDirPath = "";
			projectRoot = "";
			targets = (
				AC79D3382B13CDD90054FBC3 /* ExpenseTracker */,
			);
		};
/* End PBXProject section */

/* Begin PBXResourcesBuildPhase section */
		AC79D3372B13CDD90054FBC3 /* Resources */ = {
			isa = PBXResourcesBuildPhase;
			buildActionMask = 2147483647;
			files = (
				AC79D3442B13CDDB0054FBC3 /* Preview Assets.xcassets in Resources */,
				AC79D3412B13CDDB0054FBC3 /* Assets.xcassets in Resources */,
			);
			runOnlyForDeploymentPostprocessing = 0;
		};
/* End PBXResourcesBuildPhase section */

/* Begin PBXSourcesBuildPhase section */
		AC79D3352B13CDD90054FBC3 /* Sources */ = {
			isa = PBXSourcesBuildPhase;
			buildActionMask = 2147483647;
			files = (
				AC6D53942B1B828C00E511DC /* PreviewData.swift in Sources */,
				AC6D53A02B1C7C9700E511DC /* TransactionList.swift in Sources */,
				AC6D539E2B1BECB100E511DC /* RecentTransactionList.swift in Sources */,
				AC79D33F2B13CDD90054FBC3 /* ContentView.swift in Sources */,
				AC79D34B2B13E03E0054FBC3 /* Extensions.swift in Sources */,
				AC6D53962B1B84BE00E511DC /* TransactionRow.swift in Sources */,
				AC79D34E2B13E4B20054FBC3 /* Transaction.swift in Sources */,
				AC6D539C2B1B8F0A00E511DC /* TransactionListViewModel.swift in Sources */,
				AC79D33D2B13CDD90054FBC3 /* ExpenseTrackerApp.swift in Sources */,
			);
			runOnlyForDeploymentPostprocessing = 0;
		};
/* End PBXSourcesBuildPhase section */

/* Begin XCBuildConfiguration section */
		AC79D3452B13CDDB0054FBC3 /* Debug */ = {
			isa = XCBuildConfiguration;
			buildSettings = {
				ALWAYS_SEARCH_USER_PATHS = NO;
				CLANG_ANALYZER_NONNULL = YES;
				CLANG_ANALYZER_NUMBER_OBJECT_CONVERSION = YES_AGGRESSIVE;
				CLANG_CXX_LANGUAGE_STANDARD = "gnu++20";
				CLANG_ENABLE_MODULES = YES;
				CLANG_ENABLE_OBJC_ARC = YES;
				CLANG_ENABLE_OBJC_WEAK = YES;
				CLANG_WARN_BLOCK_CAPTURE_AUTORELEASING = YES;
				CLANG_WARN_BOOL_CONVERSION = YES;
				CLANG_WARN_COMMA = YES;
				CLANG_WARN_CONSTANT_CONVERSION = YES;
				CLANG_WARN_DEPRECATED_OBJC_IMPLEMENTATIONS = YES;
				CLANG_WARN_DIRECT_OBJC_ISA_USAGE = YES_ERROR;
				CLANG_WARN_DOCUMENTATION_COMMENTS = YES;
				CLANG_WARN_EMPTY_BODY = YES;
				CLANG_WARN_ENUM_CONVERSION = YES;
				CLANG_WARN_INFINITE_RECURSION = YES;
				CLANG_WARN_INT_CONVERSION = YES;
				CLANG_WARN_NON_LITERAL_NULL_CONVERSION = YES;
				CLANG_WARN_OBJC_IMPLICIT_RETAIN_SELF = YES;
				CLANG_WARN_OBJC_LITERAL_CONVERSION = YES;
				CLANG_WARN_OBJC_ROOT_CLASS = YES_ERROR;
				CLANG_WARN_QUOTED_INCLUDE_IN_FRAMEWORK_HEADER = YES;
				CLANG_WARN_RANGE_LOOP_ANALYSIS = YES;
				CLANG_WARN_STRICT_PROTOTYPES = YES;
				CLANG_WARN_SUSPICIOUS_MOVE = YES;
				CLANG_WARN_UNGUARDED_AVAILABILITY = YES_AGGRESSIVE;
				CLANG_WARN_UNREACHABLE_CODE = YES;
				CLANG_WARN__DUPLICATE_METHOD_MATCH = YES;
				COPY_PHASE_STRIP = NO;
				DEBUG_INFORMATION_FORMAT = dwarf;
				ENABLE_STRICT_OBJC_MSGSEND = YES;
				ENABLE_TESTABILITY = YES;
				GCC_C_LANGUAGE_STANDARD = gnu11;
				GCC_DYNAMIC_NO_PIC = NO;
				GCC_NO_COMMON_BLOCKS = YES;
				GCC_OPTIMIZATION_LEVEL = 0;
				GCC_PREPROCESSOR_DEFINITIONS = (
					"DEBUG=1",
					"$(inherited)",
				);
				GCC_WARN_64_TO_32_BIT_CONVERSION = YES;
				GCC_WARN_ABOUT_RETURN_TYPE = YES_ERROR;
				GCC_WARN_UNDECLARED_SELECTOR = YES;
				GCC_WARN_UNINITIALIZED_AUTOS = YES_AGGRESSIVE;
				GCC_WARN_UNUSED_FUNCTION = YES;
				GCC_WARN_UNUSED_VARIABLE = YES;
				IPHONEOS_DEPLOYMENT_TARGET = 16.2;
				MTL_ENABLE_DEBUG_INFO = INCLUDE_SOURCE;
				MTL_FAST_MATH = YES;
				ONLY_ACTIVE_ARCH = YES;
				SDKROOT = iphoneos;
				SWIFT_ACTIVE_COMPILATION_CONDITIONS = DEBUG;
				SWIFT_OPTIMIZATION_LEVEL = "-Onone";
			};
			name = Debug;
		};
		AC79D3462B13CDDB0054FBC3 /* Release */ = {
			isa = XCBuildConfiguration;
			buildSettings = {
				ALWAYS_SEARCH_USER_PATHS = NO;
				CLANG_ANALYZER_NONNULL = YES;
				CLANG_ANALYZER_NUMBER_OBJECT_CONVERSION = YES_AGGRESSIVE;
				CLANG_CXX_LANGUAGE_STANDARD = "gnu++20";
				CLANG_ENABLE_MODULES = YES;
				CLANG_ENABLE_OBJC_ARC = YES;
				CLANG_ENABLE_OBJC_WEAK = YES;
				CLANG_WARN_BLOCK_CAPTURE_AUTORELEASING = YES;
				CLANG_WARN_BOOL_CONVERSION = YES;
				CLANG_WARN_COMMA = YES;
				CLANG_WARN_CONSTANT_CONVERSION = YES;
				CLANG_WARN_DEPRECATED_OBJC_IMPLEMENTATIONS = YES;
				CLANG_WARN_DIRECT_OBJC_ISA_USAGE = YES_ERROR;
				CLANG_WARN_DOCUMENTATION_COMMENTS = YES;
				CLANG_WARN_EMPTY_BODY = YES;
				CLANG_WARN_ENUM_CONVERSION = YES;
				CLANG_WARN_INFINITE_RECURSION = YES;
				CLANG_WARN_INT_CONVERSION = YES;
				CLANG_WARN_NON_LITERAL_NULL_CONVERSION = YES;
				CLANG_WARN_OBJC_IMPLICIT_RETAIN_SELF = YES;
				CLANG_WARN_OBJC_LITERAL_CONVERSION = YES;
				CLANG_WARN_OBJC_ROOT_CLASS = YES_ERROR;
				CLANG_WARN_QUOTED_INCLUDE_IN_FRAMEWORK_HEADER = YES;
				CLANG_WARN_RANGE_LOOP_ANALYSIS = YES;
				CLANG_WARN_STRICT_PROTOTYPES = YES;
				CLANG_WARN_SUSPICIOUS_MOVE = YES;
				CLANG_WARN_UNGUARDED_AVAILABILITY = YES_AGGRESSIVE;
				CLANG_WARN_UNREACHABLE_CODE = YES;
				CLANG_WARN__DUPLICATE_METHOD_MATCH = YES;
				COPY_PHASE_STRIP = NO;
				DEBUG_INFORMATION_FORMAT = "dwarf-with-dsym";
				ENABLE_NS_ASSERTIONS = NO;
				ENABLE_STRICT_OBJC_MSGSEND = YES;
				GCC_C_LANGUAGE_STANDARD = gnu11;
				GCC_NO_COMMON_BLOCKS = YES;
				GCC_WARN_64_TO_32_BIT_CONVERSION = YES;
				GCC_WARN_ABOUT_RETURN_TYPE = YES_ERROR;
				GCC_WARN_UNDECLARED_SELECTOR = YES;
				GCC_WARN_UNINITIALIZED_AUTOS = YES_AGGRESSIVE;
				GCC_WARN_UNUSED_FUNCTION = YES;
				GCC_WARN_UNUSED_VARIABLE = YES;
				IPHONEOS_DEPLOYMENT_TARGET = 16.2;
				MTL_ENABLE_DEBUG_INFO = NO;
				MTL_FAST_MATH = YES;
				SDKROOT = iphoneos;
				SWIFT_COMPILATION_MODE = wholemodule;
				SWIFT_OPTIMIZATION_LEVEL = "-O";
				VALIDATE_PRODUCT = YES;
			};
			name = Release;
		};
		AC79D3482B13CDDB0054FBC3 /* Debug */ = {
			isa = XCBuildConfiguration;
			buildSettings = {
				ASSETCATALOG_COMPILER_APPICON_NAME = AppIcon;
				ASSETCATALOG_COMPILER_GLOBAL_ACCENT_COLOR_NAME = AccentColor;
				CODE_SIGN_STYLE = Automatic;
				CURRENT_PROJECT_VERSION = 1;
				DEVELOPMENT_ASSET_PATHS = "\"ExpenseTracker/Preview Content\"";
				DEVELOPMENT_TEAM = XWGWNSXQT2;
				ENABLE_PREVIEWS = YES;
				GENERATE_INFOPLIST_FILE = YES;
				INFOPLIST_KEY_UIApplicationSceneManifest_Generation = YES;
				INFOPLIST_KEY_UIApplicationSupportsIndirectInputEvents = YES;
				INFOPLIST_KEY_UILaunchScreen_Generation = YES;
				INFOPLIST_KEY_UISupportedInterfaceOrientations_iPad = "UIInterfaceOrientationPortrait UIInterfaceOrientationPortraitUpsideDown UIInterfaceOrientationLandscapeLeft UIInterfaceOrientationLandscapeRight";
				INFOPLIST_KEY_UISupportedInterfaceOrientations_iPhone = "UIInterfaceOrientationPortrait UIInterfaceOrientationLandscapeLeft UIInterfaceOrientationLandscapeRight";
				LD_RUNPATH_SEARCH_PATHS = (
					"$(inherited)",
					"@executable_path/Frameworks",
				);
				MARKETING_VERSION = 1.0;
				PRODUCT_BUNDLE_IDENTIFIER = com.devblaze.ExpenseTracker;
				PRODUCT_NAME = "$(TARGET_NAME)";
				SWIFT_EMIT_LOC_STRINGS = YES;
				SWIFT_VERSION = 5.0;
				TARGETED_DEVICE_FAMILY = "1,2";
			};
			name = Debug;
		};
		AC79D3492B13CDDB0054FBC3 /* Release */ = {
			isa = XCBuildConfiguration;
			buildSettings = {
				ASSETCATALOG_COMPILER_APPICON_NAME = AppIcon;
				ASSETCATALOG_COMPILER_GLOBAL_ACCENT_COLOR_NAME = AccentColor;
				CODE_SIGN_STYLE = Automatic;
				CURRENT_PROJECT_VERSION = 1;
				DEVELOPMENT_ASSET_PATHS = "\"ExpenseTracker/Preview Content\"";
				DEVELOPMENT_TEAM = XWGWNSXQT2;
				ENABLE_PREVIEWS = YES;
				GENERATE_INFOPLIST_FILE = YES;
				INFOPLIST_KEY_UIApplicationSceneManifest_Generation = YES;
				INFOPLIST_KEY_UIApplicationSupportsIndirectInputEvents = YES;
				INFOPLIST_KEY_UILaunchScreen_Generation = YES;
				INFOPLIST_KEY_UISupportedInterfaceOrientations_iPad = "UIInterfaceOrientationPortrait UIInterfaceOrientationPortraitUpsideDown UIInterfaceOrientationLandscapeLeft UIInterfaceOrientationLandscapeRight";
				INFOPLIST_KEY_UISupportedInterfaceOrientations_iPhone = "UIInterfaceOrientationPortrait UIInterfaceOrientationLandscapeLeft UIInterfaceOrientationLandscapeRight";
				LD_RUNPATH_SEARCH_PATHS = (
					"$(inherited)",
					"@executable_path/Frameworks",
				);
				MARKETING_VERSION = 1.0;
				PRODUCT_BUNDLE_IDENTIFIER = com.devblaze.ExpenseTracker;
				PRODUCT_NAME = "$(TARGET_NAME)";
				SWIFT_EMIT_LOC_STRINGS = YES;
				SWIFT_VERSION = 5.0;
				TARGETED_DEVICE_FAMILY = "1,2";
			};
			name = Release;
		};
/* End XCBuildConfiguration section */

/* Begin XCConfigurationList section */
		AC79D3342B13CDD90054FBC3 /* Build configuration list for PBXProject "ExpenseTracker" */ = {
			isa = XCConfigurationList;
			buildConfigurations = (
				AC79D3452B13CDDB0054FBC3 /* Debug */,
				AC79D3462B13CDDB0054FBC3 /* Release */,
			);
			defaultConfigurationIsVisible = 0;
			defaultConfigurationName = Release;
		};
		AC79D3472B13CDDB0054FBC3 /* Build configuration list for PBXNativeTarget "ExpenseTracker" */ = {
			isa = XCConfigurationList;
			buildConfigurations = (
				AC79D3482B13CDDB0054FBC3 /* Debug */,
				AC79D3492B13CDDB0054FBC3 /* Release */,
			);
			defaultConfigurationIsVisible = 0;
			defaultConfigurationName = Release;
		};
/* End XCConfigurationList section */

/* Begin XCRemoteSwiftPackageReference section */
		AC6D53972B1B8DF100E511DC /* XCRemoteSwiftPackageReference "SwiftUIFontIcon" */ = {
			isa = XCRemoteSwiftPackageReference;
			repositoryURL = "https://github.com/huybuidac/SwiftUIFontIcon";
			requirement = {
				branch = master;
				kind = branch;
			};
		};
		AC6D53A12B1C806600E511DC /* XCRemoteSwiftPackageReference "swift-collections" */ = {
			isa = XCRemoteSwiftPackageReference;
			repositoryURL = "https://github.com/apple/swift-collections.git";
			requirement = {
				kind = upToNextMajorVersion;
				minimumVersion = 1.0.4;
			};
		};
		AC6D53A42B1C824100E511DC /* XCRemoteSwiftPackageReference "ChartView" */ = {
			isa = XCRemoteSwiftPackageReference;
			repositoryURL = "https://github.com/AppPear/ChartView";
			requirement = {
				kind = exactVersion;
				version = "2.0.0-beta.2";
			};
		};
/* End XCRemoteSwiftPackageReference section */

/* Begin XCSwiftPackageProductDependency section */
		AC6D53982B1B8DF100E511DC /* SwiftUIFontIcon */ = {
			isa = XCSwiftPackageProductDependency;
			package = AC6D53972B1B8DF100E511DC /* XCRemoteSwiftPackageReference "SwiftUIFontIcon" */;
			productName = SwiftUIFontIcon;
		};
		AC6D53A22B1C806600E511DC /* Collections */ = {
			isa = XCSwiftPackageProductDependency;
			package = AC6D53A12B1C806600E511DC /* XCRemoteSwiftPackageReference "swift-collections" */;
			productName = Collections;
		};
		AC6D53A52B1C824100E511DC /* SwiftUICharts */ = {
			isa = XCSwiftPackageProductDependency;
			package = AC6D53A42B1C824100E511DC /* XCRemoteSwiftPackageReference "ChartView" */;
			productName = SwiftUICharts;
		};
/* End XCSwiftPackageProductDependency section */
	};
	rootObject = AC79D3312B13CDD90054FBC3 /* Project object */;
}
